
Microsoft Visual Studio Solution File, Format Version 12.00
Project("{FAE04EC0-301F-11D3-BF4B-00C04F79EFBC}") = "TradingBot.Domain", "TradingBot.Domain\TradingBot.Domain.csproj", "{D5AEB64B-2F06-41E3-96A5-E647479B9B3F}"
EndProject
Project("{2150E333-8FDC-42A3-9474-1A3956D46DE8}") = "Src", "Src", "{A62BB213-8200-4B61-8C6C-8BE37CFEF2CD}"
EndProject
Project("{FAE04EC0-301F-11D3-BF4B-00C04F79EFBC}") = "TradingBot.Usecases", "TradingBot.Usecases\TradingBot.Usecases.csproj", "{82F2DA4E-F990-447D-B70A-05F10D25F3C2}"
EndProject
Project("{2150E333-8FDC-42A3-9474-1A3956D46DE8}") = "Test", "Test", "{0C46FF87-E1F7-4544-BFF7-ACFFEBBD4AB2}"
EndProject
Project("{FAE04EC0-301F-11D3-BF4B-00C04F79EFBC}") = "TradingBot.Infrastructure", "TradingBot.Infrastructure\TradingBot.Infrastructure.csproj", "{8405E51C-80EC-4ED4-BB4D-1A12C8E24D18}"
EndProject
Project("{FAE04EC0-301F-11D3-BF4B-00C04F79EFBC}") = "TestBed", "TestBed\TestBed.csproj", "{17DD5CD0-7276-4141-9A26-641B1E67E6A8}"
EndProject
Project("{FAE04EC0-301F-11D3-BF4B-00C04F79EFBC}") = "TradingBot.Usecases.Tests", "TradingBot.Usecases.Tests\TradingBot.Usecases.Tests.csproj", "{B7E4B15A-310B-4E37-9DEE-46ACE2EC395E}"
EndProject
Project("{FAE04EC0-301F-11D3-BF4B-00C04F79EFBC}") = "TradingBot.Infrastructure.Tests", "TradingBot.Infrastructure.Tests\TradingBot.Infrastructure.Tests.csproj", "{279C531F-0330-42A7-8853-08FEFB05E75B}"
EndProject
Project("{2150E333-8FDC-42A3-9474-1A3956D46DE8}") = "Etc", "Etc", "{A5B21B6F-1533-46EA-82AB-1A64814BD980}"
EndProject
Project("{FAE04EC0-301F-11D3-BF4B-00C04F79EFBC}") = "TradingBot.Worker", "TradingBot.Worker\TradingBot.Worker.csproj", "{33510C7F-1FBC-422E-80AE-D7EB537C0606}"
EndProject
Project("{FAE04EC0-301F-11D3-BF4B-00C04F79EFBC}") = "TradingBot.Domain.Tests", "TradingBot.Domain.Tests\TradingBot.Domain.Tests.csproj", "{0667F111-7638-463C-BE44-8D535280D6FB}"
EndProject
Global
	GlobalSection(SolutionConfigurationPlatforms) = preSolution
		Debug|Any CPU = Debug|Any CPU
		Release|Any CPU = Release|Any CPU
	EndGlobalSection
	GlobalSection(ProjectConfigurationPlatforms) = postSolution
		{D5AEB64B-2F06-41E3-96A5-E647479B9B3F}.Debug|Any CPU.ActiveCfg = Debug|Any CPU
		{D5AEB64B-2F06-41E3-96A5-E647479B9B3F}.Debug|Any CPU.Build.0 = Debug|Any CPU
		{D5AEB64B-2F06-41E3-96A5-E647479B9B3F}.Release|Any CPU.ActiveCfg = Release|Any CPU
		{D5AEB64B-2F06-41E3-96A5-E647479B9B3F}.Release|Any CPU.Build.0 = Release|Any CPU
		{82F2DA4E-F990-447D-B70A-05F10D25F3C2}.Debug|Any CPU.ActiveCfg = Debug|Any CPU
		{82F2DA4E-F990-447D-B70A-05F10D25F3C2}.Debug|Any CPU.Build.0 = Debug|Any CPU
		{82F2DA4E-F990-447D-B70A-05F10D25F3C2}.Release|Any CPU.ActiveCfg = Release|Any CPU
		{82F2DA4E-F990-447D-B70A-05F10D25F3C2}.Release|Any CPU.Build.0 = Release|Any CPU
		{8405E51C-80EC-4ED4-BB4D-1A12C8E24D18}.Debug|Any CPU.ActiveCfg = Debug|Any CPU
		{8405E51C-80EC-4ED4-BB4D-1A12C8E24D18}.Debug|Any CPU.Build.0 = Debug|Any CPU
		{8405E51C-80EC-4ED4-BB4D-1A12C8E24D18}.Release|Any CPU.ActiveCfg = Release|Any CPU
		{8405E51C-80EC-4ED4-BB4D-1A12C8E24D18}.Release|Any CPU.Build.0 = Release|Any CPU
		{17DD5CD0-7276-4141-9A26-641B1E67E6A8}.Debug|Any CPU.ActiveCfg = Debug|Any CPU
		{17DD5CD0-7276-4141-9A26-641B1E67E6A8}.Debug|Any CPU.Build.0 = Debug|Any CPU
		{17DD5CD0-7276-4141-9A26-641B1E67E6A8}.Release|Any CPU.ActiveCfg = Release|Any CPU
		{17DD5CD0-7276-4141-9A26-641B1E67E6A8}.Release|Any CPU.Build.0 = Release|Any CPU
		{B7E4B15A-310B-4E37-9DEE-46ACE2EC395E}.Debug|Any CPU.ActiveCfg = Debug|Any CPU
		{B7E4B15A-310B-4E37-9DEE-46ACE2EC395E}.Debug|Any CPU.Build.0 = Debug|Any CPU
		{B7E4B15A-310B-4E37-9DEE-46ACE2EC395E}.Release|Any CPU.ActiveCfg = Release|Any CPU
		{B7E4B15A-310B-4E37-9DEE-46ACE2EC395E}.Release|Any CPU.Build.0 = Release|Any CPU
		{279C531F-0330-42A7-8853-08FEFB05E75B}.Debug|Any CPU.ActiveCfg = Debug|Any CPU
		{279C531F-0330-42A7-8853-08FEFB05E75B}.Debug|Any CPU.Build.0 = Debug|Any CPU
		{279C531F-0330-42A7-8853-08FEFB05E75B}.Release|Any CPU.ActiveCfg = Release|Any CPU
		{279C531F-0330-42A7-8853-08FEFB05E75B}.Release|Any CPU.Build.0 = Release|Any CPU
		{33510C7F-1FBC-422E-80AE-D7EB537C0606}.Debug|Any CPU.ActiveCfg = Debug|Any CPU
		{33510C7F-1FBC-422E-80AE-D7EB537C0606}.Debug|Any CPU.Build.0 = Debug|Any CPU
		{33510C7F-1FBC-422E-80AE-D7EB537C0606}.Release|Any CPU.ActiveCfg = Release|Any CPU
		{33510C7F-1FBC-422E-80AE-D7EB537C0606}.Release|Any CPU.Build.0 = Release|Any CPU
		{0667F111-7638-463C-BE44-8D535280D6FB}.Debug|Any CPU.ActiveCfg = Debug|Any CPU
		{0667F111-7638-463C-BE44-8D535280D6FB}.Debug|Any CPU.Build.0 = Debug|Any CPU
		{0667F111-7638-463C-BE44-8D535280D6FB}.Release|Any CPU.ActiveCfg = Release|Any CPU
		{0667F111-7638-463C-BE44-8D535280D6FB}.Release|Any CPU.Build.0 = Release|Any CPU
	EndGlobalSection
	GlobalSection(NestedProjects) = preSolution
		{D5AEB64B-2F06-41E3-96A5-E647479B9B3F} = {A62BB213-8200-4B61-8C6C-8BE37CFEF2CD}
		{82F2DA4E-F990-447D-B70A-05F10D25F3C2} = {A62BB213-8200-4B61-8C6C-8BE37CFEF2CD}
		{8405E51C-80EC-4ED4-BB4D-1A12C8E24D18} = {A62BB213-8200-4B61-8C6C-8BE37CFEF2CD}
		{17DD5CD0-7276-4141-9A26-641B1E67E6A8} = {A62BB213-8200-4B61-8C6C-8BE37CFEF2CD}
		{B7E4B15A-310B-4E37-9DEE-46ACE2EC395E} = {0C46FF87-E1F7-4544-BFF7-ACFFEBBD4AB2}
		{279C531F-0330-42A7-8853-08FEFB05E75B} = {0C46FF87-E1F7-4544-BFF7-ACFFEBBD4AB2}
		{33510C7F-1FBC-422E-80AE-D7EB537C0606} = {A62BB213-8200-4B61-8C6C-8BE37CFEF2CD}
		{0667F111-7638-463C-BE44-8D535280D6FB} = {0C46FF87-E1F7-4544-BFF7-ACFFEBBD4AB2}
	EndGlobalSection
EndGlobal
